
Microsoft Visual Studio Solution File, Format Version 12.00
# Visual Studio Version 16
VisualStudioVersion = 16.0.29215.179
MinimumVisualStudioVersion = 10.0.40219.1
Project("{FAE04EC0-301F-11D3-BF4B-00C04F79EFBC}") = "RRCAGApp", "RRCAGApp\RRCAGApp.csproj", "{51378DEF-262C-455C-8734-564827EEF1AB}"
EndProject
Global
	GlobalSection(SolutionConfigurationPlatforms) = preSolution
		Debug|Any CPU = Debug|Any CPU
		Release|Any CPU = Release|Any CPU
	EndGlobalSection
	GlobalSection(ProjectConfigurationPlatforms) = postSolution
		{51378DEF-262C-455C-8734-564827EEF1AB}.Debug|Any CPU.ActiveCfg = Debug|Any CPU
		{51378DEF-262C-455C-8734-564827EEF1AB}.Debug|Any CPU.Build.0 = Debug|Any CPU
		{51378DEF-262C-455C-8734-564827EEF1AB}.Release|Any CPU.ActiveCfg = Release|Any CPU
		{51378DEF-262C-455C-8734-564827EEF1AB}.Release|Any CPU.Build.0 = Release|Any CPU
	EndGlobalSection
	GlobalSection(SolutionProperties) = preSolution
		HideSolutionNode = FALSE
	EndGlobalSection
	GlobalSection(ExtensibilityGlobals) = postSolution
		SolutionGuid = {48464B61-BF66-4FE0-8E6D-5258AE292185}
	EndGlobalSection
EndGlobal
